consensus/S82.txt
consensus/S100.txt
consensus/B09.txt
snp_calls/S100.tsv
snp_calls/S82.tsv
snp_calls/B09.tsv
pileup/S100.pileup
pileup/S82.pileup
pileup/B09.pileup
passed_samples/S100.bam
/home/tamburin/fiona/bacteremia/1.assemble_trimmed/filtered_assemblies/B09.fasta
/home/tamburin/fiona/bacteremia/1.assemble_trimmed/filtered_assemblies/B09.fasta.fai
passed_samples/S82.bam
/home/tamburin/fiona/bacteremia/1.assemble_trimmed/filtered_assemblies/B09.fasta
/home/tamburin/fiona/bacteremia/1.assemble_trimmed/filtered_assemblies/B09.fasta.fai
passed_samples/B09.bam
/home/tamburin/fiona/bacteremia/1.assemble_trimmed/filtered_assemblies/B09.fasta
/home/tamburin/fiona/bacteremia/1.assemble_trimmed/filtered_assemblies/B09.fasta.fai
/home/tamburin/fiona/bacteremia/1.assemble_trimmed/filtered_assemblies/B09.fasta
coverage/S100.cvg
coverage/S82.cvg
coverage/B09.cvg
filtered_bam/S100.filtered.bam
filtered_bam/S82.filtered.bam
filtered_bam/B09.filtered.bam
/home/tamburin/fiona/bacteremia/1.assemble_trimmed/filtered_assemblies/B09.fasta
/home/tamburin/fiona/bacteremia/1.assemble_trimmed/filtered_assemblies/B09.fasta.amb
/home/tamburin/fiona/bacteremia/1.assemble_trimmed/filtered_assemblies/B09.fasta.ann
/home/tamburin/fiona/bacteremia/1.assemble_trimmed/filtered_assemblies/B09.fasta.bwt
/home/tamburin/fiona/bacteremia/1.assemble_trimmed/filtered_assemblies/B09.fasta.pac
/home/tamburin/fiona/bacteremia/1.assemble_trimmed/filtered_assemblies/B09.fasta.sa
input_samples/S100.fq
/home/tamburin/fiona/bacteremia/1.assemble_trimmed/filtered_assemblies/B09.fasta
/home/tamburin/fiona/bacteremia/1.assemble_trimmed/filtered_assemblies/B09.fasta.amb
/home/tamburin/fiona/bacteremia/1.assemble_trimmed/filtered_assemblies/B09.fasta.ann
/home/tamburin/fiona/bacteremia/1.assemble_trimmed/filtered_assemblies/B09.fasta.bwt
/home/tamburin/fiona/bacteremia/1.assemble_trimmed/filtered_assemblies/B09.fasta.pac
/home/tamburin/fiona/bacteremia/1.assemble_trimmed/filtered_assemblies/B09.fasta.sa
input_samples/S82.fq
/home/tamburin/fiona/bacteremia/1.assemble_trimmed/filtered_assemblies/B09.fasta
/home/tamburin/fiona/bacteremia/1.assemble_trimmed/filtered_assemblies/B09.fasta.amb
/home/tamburin/fiona/bacteremia/1.assemble_trimmed/filtered_assemblies/B09.fasta.ann
/home/tamburin/fiona/bacteremia/1.assemble_trimmed/filtered_assemblies/B09.fasta.bwt
/home/tamburin/fiona/bacteremia/1.assemble_trimmed/filtered_assemblies/B09.fasta.pac
/home/tamburin/fiona/bacteremia/1.assemble_trimmed/filtered_assemblies/B09.fasta.sa
input_samples/B09.fq
/home/tamburin/fiona/bacteremia/1.assemble_trimmed/filtered_assemblies/B09.fasta
